
Microsoft Visual Studio Solution File, Format Version 12.00
# Visual Studio Version 17
VisualStudioVersion = 17.4.33213.308
MinimumVisualStudioVersion = 10.0.40219.1
Project("{FAE04EC0-301F-11D3-BF4B-00C04F79EFBC}") = "WebBanHang.Api", "WebBanHang.Api\WebBanHang.Api.csproj", "{EA028E46-35AE-451D-94D1-3FC12F58D48E}"
EndProject
Project("{FAE04EC0-301F-11D3-BF4B-00C04F79EFBC}") = "WebBanHang.BL", "WebBanHang.BL\WebBanHang.BL.csproj", "{B98A336E-4810-4F17-8A56-3FC8357FE5E5}"
EndProject
Project("{FAE04EC0-301F-11D3-BF4B-00C04F79EFBC}") = "WebBanHang.Common", "WebBanHang.Common\WebBanHang.Common.csproj", "{3EB4FBF4-82A1-4FA5-969D-B8C73CDD395F}"
EndProject
Project("{FAE04EC0-301F-11D3-BF4B-00C04F79EFBC}") = "WebBanHang.DL", "WebBanHang.DL\WebBanHang.DL.csproj", "{2983382B-24C0-4EC4-90A1-4DEB37ED3E58}"
EndProject
Project("{FAE04EC0-301F-11D3-BF4B-00C04F79EFBC}") = "PaymentGateway", "PaymentGateway\PaymentGateway.csproj", "{53F9FD5D-A29D-4FC4-A710-E9D6809E905E}"
EndProject
Global
	GlobalSection(SolutionConfigurationPlatforms) = preSolution
		Debug|Any CPU = Debug|Any CPU
		Release|Any CPU = Release|Any CPU
	EndGlobalSection
	GlobalSection(ProjectConfigurationPlatforms) = postSolution
		{EA028E46-35AE-451D-94D1-3FC12F58D48E}.Debug|Any CPU.ActiveCfg = Debug|Any CPU
		{EA028E46-35AE-451D-94D1-3FC12F58D48E}.Debug|Any CPU.Build.0 = Debug|Any CPU
		{EA028E46-35AE-451D-94D1-3FC12F58D48E}.Release|Any CPU.ActiveCfg = Release|Any CPU
		{EA028E46-35AE-451D-94D1-3FC12F58D48E}.Release|Any CPU.Build.0 = Release|Any CPU
		{B98A336E-4810-4F17-8A56-3FC8357FE5E5}.Debug|Any CPU.ActiveCfg = Debug|Any CPU
		{B98A336E-4810-4F17-8A56-3FC8357FE5E5}.Debug|Any CPU.Build.0 = Debug|Any CPU
		{B98A336E-4810-4F17-8A56-3FC8357FE5E5}.Release|Any CPU.ActiveCfg = Release|Any CPU
		{B98A336E-4810-4F17-8A56-3FC8357FE5E5}.Release|Any CPU.Build.0 = Release|Any CPU
		{3EB4FBF4-82A1-4FA5-969D-B8C73CDD395F}.Debug|Any CPU.ActiveCfg = Debug|Any CPU
		{3EB4FBF4-82A1-4FA5-969D-B8C73CDD395F}.Debug|Any CPU.Build.0 = Debug|Any CPU
		{3EB4FBF4-82A1-4FA5-969D-B8C73CDD395F}.Release|Any CPU.ActiveCfg = Release|Any CPU
		{3EB4FBF4-82A1-4FA5-969D-B8C73CDD395F}.Release|Any CPU.Build.0 = Release|Any CPU
		{2983382B-24C0-4EC4-90A1-4DEB37ED3E58}.Debug|Any CPU.ActiveCfg = Debug|Any CPU
		{2983382B-24C0-4EC4-90A1-4DEB37ED3E58}.Debug|Any CPU.Build.0 = Debug|Any CPU
		{2983382B-24C0-4EC4-90A1-4DEB37ED3E58}.Release|Any CPU.ActiveCfg = Release|Any CPU
		{2983382B-24C0-4EC4-90A1-4DEB37ED3E58}.Release|Any CPU.Build.0 = Release|Any CPU
		{53F9FD5D-A29D-4FC4-A710-E9D6809E905E}.Debug|Any CPU.ActiveCfg = Debug|Any CPU
		{53F9FD5D-A29D-4FC4-A710-E9D6809E905E}.Debug|Any CPU.Build.0 = Debug|Any CPU
		{53F9FD5D-A29D-4FC4-A710-E9D6809E905E}.Release|Any CPU.ActiveCfg = Release|Any CPU
		{53F9FD5D-A29D-4FC4-A710-E9D6809E905E}.Release|Any CPU.Build.0 = Release|Any CPU
	EndGlobalSection
	GlobalSection(SolutionProperties) = preSolution
		HideSolutionNode = FALSE
	EndGlobalSection
	GlobalSection(ExtensibilityGlobals) = postSolution
		SolutionGuid = {B83B630F-DBD9-491D-ACE0-EE79F12E8D8E}
	EndGlobalSection
EndGlobal
